
Microsoft Visual Studio Solution File, Format Version 12.00
# Visual Studio Version 17
VisualStudioVersion = 17.13.35931.197
MinimumVisualStudioVersion = 10.0.40219.1
Project("{FAE04EC0-301F-11D3-BF4B-00C04F79EFBC}") = "AutoMeagler_s2_v2", "AutoMeagler_s2_v2.csproj", "{A9ACE376-9BC8-4680-95EE-4A42C1A539F5}"
EndProject
Project("{FAE04EC0-301F-11D3-BF4B-00C04F79EFBC}") = "UnitTestUsers", "..\UnitTestUser\UnitTestUsers.csproj", "{1DEA8C76-899D-4215-A75F-98FEFFD07CD6}"
EndProject
Global
	GlobalSection(SolutionConfigurationPlatforms) = preSolution
		Debug|Any CPU = Debug|Any CPU
		Release|Any CPU = Release|Any CPU
	EndGlobalSection
	GlobalSection(ProjectConfigurationPlatforms) = postSolution
		{A9ACE376-9BC8-4680-95EE-4A42C1A539F5}.Debug|Any CPU.ActiveCfg = Debug|Any CPU
		{A9ACE376-9BC8-4680-95EE-4A42C1A539F5}.Debug|Any CPU.Build.0 = Debug|Any CPU
		{A9ACE376-9BC8-4680-95EE-4A42C1A539F5}.Release|Any CPU.ActiveCfg = Release|Any CPU
		{A9ACE376-9BC8-4680-95EE-4A42C1A539F5}.Release|Any CPU.Build.0 = Release|Any CPU
		{1DEA8C76-899D-4215-A75F-98FEFFD07CD6}.Debug|Any CPU.ActiveCfg = Debug|Any CPU
		{1DEA8C76-899D-4215-A75F-98FEFFD07CD6}.Debug|Any CPU.Build.0 = Debug|Any CPU
		{1DEA8C76-899D-4215-A75F-98FEFFD07CD6}.Release|Any CPU.ActiveCfg = Release|Any CPU
		{1DEA8C76-899D-4215-A75F-98FEFFD07CD6}.Release|Any CPU.Build.0 = Release|Any CPU
	EndGlobalSection
	GlobalSection(SolutionProperties) = preSolution
		HideSolutionNode = FALSE
	EndGlobalSection
	GlobalSection(ExtensibilityGlobals) = postSolution
		SolutionGuid = {03BF6D37-8EAA-489D-86B4-3163C1A6CEAB}
	EndGlobalSection
EndGlobal
